// !$*UTF8*$!
{
	archiveVersion = 1;
	classes = {
	};
	objectVersion = 50;
	objects = {

/* Begin PBXBuildFile section */
		C347BE84241263D400E6CDA8 /* AppDelegate.swift in Sources */ = {isa = PBXBuildFile; fileRef = C347BE83241263D400E6CDA8 /* AppDelegate.swift */; };
		C347BE86241263D400E6CDA8 /* SceneDelegate.swift in Sources */ = {isa = PBXBuildFile; fileRef = C347BE85241263D400E6CDA8 /* SceneDelegate.swift */; };
		C347BE88241263D400E6CDA8 /* ViewController.swift in Sources */ = {isa = PBXBuildFile; fileRef = C347BE87241263D400E6CDA8 /* ViewController.swift */; };
		C347BE8B241263D400E6CDA8 /* Main.storyboard in Resources */ = {isa = PBXBuildFile; fileRef = C347BE89241263D400E6CDA8 /* Main.storyboard */; };
		C347BE8E241263D400E6CDA8 /* ScanDemo.xcdatamodeld in Sources */ = {isa = PBXBuildFile; fileRef = C347BE8C241263D400E6CDA8 /* ScanDemo.xcdatamodeld */; };
		C347BE90241263D600E6CDA8 /* Assets.xcassets in Resources */ = {isa = PBXBuildFile; fileRef = C347BE8F241263D600E6CDA8 /* Assets.xcassets */; };
		C347BE93241263D600E6CDA8 /* LaunchScreen.storyboard in Resources */ = {isa = PBXBuildFile; fileRef = C347BE91241263D600E6CDA8 /* LaunchScreen.storyboard */; };
/* End PBXBuildFile section */

/* Begin PBXFileReference section */
		C347BE80241263D400E6CDA8 /* ScanDemo.app */ = {isa = PBXFileReference; explicitFileType = wrapper.application; includeInIndex = 0; path = ScanDemo.app; sourceTree = BUILT_PRODUCTS_DIR; };
		C347BE83241263D400E6CDA8 /* AppDelegate.swift */ = {isa = PBXFileReference; lastKnownFileType = sourcecode.swift; path = AppDelegate.swift; sourceTree = "<group>"; };
		C347BE85241263D400E6CDA8 /* SceneDelegate.swift */ = {isa = PBXFileReference; lastKnownFileType = sourcecode.swift; path = SceneDelegate.swift; sourceTree = "<group>"; };
		C347BE87241263D400E6CDA8 /* ViewController.swift */ = {isa = PBXFileReference; lastKnownFileType = sourcecode.swift; path = ViewController.swift; sourceTree = "<group>"; };
		C347BE8A241263D400E6CDA8 /* Base */ = {isa = PBXFileReference; lastKnownFileType = file.storyboard; name = Base; path = Base.lproj/Main.storyboard; sourceTree = "<group>"; };
		C347BE8D241263D400E6CDA8 /* ScanDemo.xcdatamodel */ = {isa = PBXFileReference; lastKnownFileType = wrapper.xcdatamodel; path = ScanDemo.xcdatamodel; sourceTree = "<group>"; };
		C347BE8F241263D600E6CDA8 /* Assets.xcassets */ = {isa = PBXFileReference; lastKnownFileType = folder.assetcatalog; path = Assets.xcassets; sourceTree = "<group>"; };
		C347BE92241263D600E6CDA8 /* Base */ = {isa = PBXFileReference; lastKnownFileType = file.storyboard; name = Base; path = Base.lproj/LaunchScreen.storyboard; sourceTree = "<group>"; };
		C347BE94241263D600E6CDA8 /* Info.plist */ = {isa = PBXFileReference; lastKnownFileType = text.plist.xml; path = Info.plist; sourceTree = "<group>"; };
/* End PBXFileReference section */

/* Begin PBXFrameworksBuildPhase section */
		C347BE7D241263D400E6CDA8 /* Frameworks */ = {
			isa = PBXFrameworksBuildPhase;
			buildActionMask = 2147483647;
			files = (
			);
			runOnlyForDeploymentPostprocessing = 0;
		};
/* End PBXFrameworksBuildPhase section */

/* Begin PBXGroup section */
		C347BE77241263D400E6CDA8 = {
			isa = PBXGroup;
			children = (
				C347BE82241263D400E6CDA8 /* ScanDemo */,
				C347BE81241263D400E6CDA8 /* Products */,
			);
			sourceTree = "<group>";
		};
		C347BE81241263D400E6CDA8 /* Products */ = {
			isa = PBXGroup;
			children = (
				C347BE80241263D400E6CDA8 /* ScanDemo.app */,
			);
			name = Products;
			sourceTree = "<group>";
		};
		C347BE82241263D400E6CDA8 /* ScanDemo */ = {
			isa = PBXGroup;
			children = (
				C347BE83241263D400E6CDA8 /* AppDelegate.swift */,
				C347BE85241263D400E6CDA8 /* SceneDelegate.swift */,
				C347BE87241263D400E6CDA8 /* ViewController.swift */,
				C347BE89241263D400E6CDA8 /* Main.storyboard */,
				C347BE8F241263D600E6CDA8 /* Assets.xcassets */,
				C347BE91241263D600E6CDA8 /* LaunchScreen.storyboard */,
				C347BE94241263D600E6CDA8 /* Info.plist */,
				C347BE8C241263D400E6CDA8 /* ScanDemo.xcdatamodeld */,
			);
			path = ScanDemo;
			sourceTree = "<group>";
		};
/* End PBXGroup section */

/* Begin PBXNativeTarget section */
		C347BE7F241263D400E6CDA8 /* ScanDemo */ = {
			isa = PBXNativeTarget;
			buildConfigurationList = C347BE97241263D600E6CDA8 /* Build configuration list for PBXNativeTarget "ScanDemo" */;
			buildPhases = (
				C347BE7C241263D400E6CDA8 /* Sources */,
				C347BE7D241263D400E6CDA8 /* Frameworks */,
				C347BE7E241263D400E6CDA8 /* Resources */,
			);
			buildRules = (
			);
			dependencies = (
			);
			name = ScanDemo;
			productName = ScanDemo;
			productReference = C347BE80241263D400E6CDA8 /* ScanDemo.app */;
			productType = "com.apple.product-type.application";
		};
/* End PBXNativeTarget section */

/* Begin PBXProject section */
		C347BE78241263D400E6CDA8 /* Project object */ = {
			isa = PBXProject;
			attributes = {
				LastSwiftUpdateCheck = 1130;
				LastUpgradeCheck = 1130;
				ORGANIZATIONNAME = "曾钊";
				TargetAttributes = {
					C347BE7F241263D400E6CDA8 = {
						CreatedOnToolsVersion = 11.3.1;
					};
				};
			};
			buildConfigurationList = C347BE7B241263D400E6CDA8 /* Build configuration list for PBXProject "ScanDemo" */;
			compatibilityVersion = "Xcode 9.3";
			developmentRegion = en;
			hasScannedForEncodings = 0;
			knownRegions = (
				en,
				Base,
			);
			mainGroup = C347BE77241263D400E6CDA8;
			productRefGroup = C347BE81241263D400E6CDA8 /* Products */;
			projectDirPath = "";
			projectRoot = "";
			targets = (
				C347BE7F241263D400E6CDA8 /* ScanDemo */,
			);
		};
/* End PBXProject section */

/* Begin PBXResourcesBuildPhase section */
		C347BE7E241263D400E6CDA8 /* Resources */ = {
			isa = PBXResourcesBuildPhase;
			buildActionMask = 2147483647;
			files = (
				C347BE93241263D600E6CDA8 /* LaunchScreen.storyboard in Resources */,
				C347BE90241263D600E6CDA8 /* Assets.xcassets in Resources */,
				C347BE8B241263D400E6CDA8 /* Main.storyboard in Resources */,
			);
			runOnlyForDeploymentPostprocessing = 0;
		};
/* End PBXResourcesBuildPhase section */

/* Begin PBXSourcesBuildPhase section */
		C347BE7C241263D400E6CDA8 /* Sources */ = {
			isa = PBXSourcesBuildPhase;
			buildActionMask = 2147483647;
			files = (
				C347BE88241263D400E6CDA8 /* ViewController.swift in Sources */,
				C347BE84241263D400E6CDA8 /* AppDelegate.swift in Sources */,
				C347BE86241263D400E6CDA8 /* SceneDelegate.swift in Sources */,
				C347BE8E241263D400E6CDA8 /* ScanDemo.xcdatamodeld in Sources */,
			);
			runOnlyForDeploymentPostprocessing = 0;
		};
/* End PBXSourcesBuildPhase section */

/* Begin PBXVariantGroup section */
		C347BE89241263D400E6CDA8 /* Main.storyboard */ = {
			isa = PBXVariantGroup;
			children = (
				C347BE8A241263D400E6CDA8 /* Base */,
			);
			name = Main.storyboard;
			sourceTree = "<group>";
		};
		C347BE91241263D600E6CDA8 /* LaunchScreen.storyboard */ = {
			isa = PBXVariantGroup;
			children = (
				C347BE92241263D600E6CDA8 /* Base */,
			);
			name = LaunchScreen.storyboard;
			sourceTree = "<group>";
		};
/* End PBXVariantGroup section */

/* Begin XCBuildConfiguration section */
		C347BE95241263D600E6CDA8 /* Debug */ = {
			isa = XCBuildConfiguration;
			buildSettings = {
				ALWAYS_SEARCH_USER_PATHS = NO;
				CLANG_ANALYZER_NONNULL = YES;
				CLANG_ANALYZER_NUMBER_OBJECT_CONVERSION = YES_AGGRESSIVE;
				CLANG_CXX_LANGUAGE_STANDARD = "gnu++14";
				CLANG_CXX_LIBRARY = "libc++";
				CLANG_ENABLE_MODULES = YES;
				CLANG_ENABLE_OBJC_ARC = YES;
				CLANG_ENABLE_OBJC_WEAK = YES;
				CLANG_WARN_BLOCK_CAPTURE_AUTORELEASING = YES;
				CLANG_WARN_BOOL_CONVERSION = YES;
				CLANG_WARN_COMMA = YES;
				CLANG_WARN_CONSTANT_CONVERSION = YES;
				CLANG_WARN_DEPRECATED_OBJC_IMPLEMENTATIONS = YES;
				CLANG_WARN_DIRECT_OBJC_ISA_USAGE = YES_ERROR;
				CLANG_WARN_DOCUMENTATION_COMMENTS = YES;
				CLANG_WARN_EMPTY_BODY = YES;
				CLANG_WARN_ENUM_CONVERSION = YES;
				CLANG_WARN_INFINITE_RECURSION = YES;
				CLANG_WARN_INT_CONVERSION = YES;
				CLANG_WARN_NON_LITERAL_NULL_CONVERSION = YES;
				CLANG_WARN_OBJC_IMPLICIT_RETAIN_SELF = YES;
				CLANG_WARN_OBJC_LITERAL_CONVERSION = YES;
				CLANG_WARN_OBJC_ROOT_CLASS = YES_ERROR;
				CLANG_WARN_RANGE_LOOP_ANALYSIS = YES;
				CLANG_WARN_STRICT_PROTOTYPES = YES;
				CLANG_WARN_SUSPICIOUS_MOVE = YES;
				CLANG_WARN_UNGUARDED_AVAILABILITY = YES_AGGRESSIVE;
				CLANG_WARN_UNREACHABLE_CODE = YES;
				CLANG_WARN__DUPLICATE_METHOD_MATCH = YES;
				COPY_PHASE_STRIP = NO;
				DEBUG_INFORMATION_FORMAT = dwarf;
				ENABLE_STRICT_OBJC_MSGSEND = YES;
				ENABLE_TESTABILITY = YES;
				GCC_C_LANGUAGE_STANDARD = gnu11;
				GCC_DYNAMIC_NO_PIC = NO;
				GCC_NO_COMMON_BLOCKS = YES;
				GCC_OPTIMIZATION_LEVEL = 0;
				GCC_PREPROCESSOR_DEFINITIONS = (
					"DEBUG=1",
					"$(inherited)",
				);
				GCC_WARN_64_TO_32_BIT_CONVERSION = YES;
				GCC_WARN_ABOUT_RETURN_TYPE = YES_ERROR;
				GCC_WARN_UNDECLARED_SELECTOR = YES;
				GCC_WARN_UNINITIALIZED_AUTOS = YES_AGGRESSIVE;
				GCC_WARN_UNUSED_FUNCTION = YES;
				GCC_WARN_UNUSED_VARIABLE = YES;
				IPHONEOS_DEPLOYMENT_TARGET = 13.2;
				MTL_ENABLE_DEBUG_INFO = INCLUDE_SOURCE;
				MTL_FAST_MATH = YES;
				ONLY_ACTIVE_ARCH = YES;
				SDKROOT = iphoneos;
				SWIFT_ACTIVE_COMPILATION_CONDITIONS = DEBUG;
				SWIFT_OPTIMIZATION_LEVEL = "-Onone";
			};
			name = Debug;
		};
		C347BE96241263D600E6CDA8 /* Release */ = {
			isa = XCBuildConfiguration;
			buildSettings = {
				ALWAYS_SEARCH_USER_PATHS = NO;
				CLANG_ANALYZER_NONNULL = YES;
				CLANG_ANALYZER_NUMBER_OBJECT_CONVERSION = YES_AGGRESSIVE;
				CLANG_CXX_LANGUAGE_STANDARD = "gnu++14";
				CLANG_CXX_LIBRARY = "libc++";
				CLANG_ENABLE_MODULES = YES;
				CLANG_ENABLE_OBJC_ARC = YES;
				CLANG_ENABLE_OBJC_WEAK = YES;
				CLANG_WARN_BLOCK_CAPTURE_AUTORELEASING = YES;
				CLANG_WARN_BOOL_CONVERSION = YES;
				CLANG_WARN_COMMA = YES;
				CLANG_WARN_CONSTANT_CONVERSION = YES;
				CLANG_WARN_DEPRECATED_OBJC_IMPLEMENTATIONS = YES;
				CLANG_WARN_DIRECT_OBJC_ISA_USAGE = YES_ERROR;
				CLANG_WARN_DOCUMENTATION_COMMENTS = YES;
				CLANG_WARN_EMPTY_BODY = YES;
				CLANG_WARN_ENUM_CONVERSION = YES;
				CLANG_WARN_INFINITE_RECURSION = YES;
				CLANG_WARN_INT_CONVERSION = YES;
				CLANG_WARN_NON_LITERAL_NULL_CONVERSION = YES;
				CLANG_WARN_OBJC_IMPLICIT_RETAIN_SELF = YES;
				CLANG_WARN_OBJC_LITERAL_CONVERSION = YES;
				CLANG_WARN_OBJC_ROOT_CLASS = YES_ERROR;
				CLANG_WARN_RANGE_LOOP_ANALYSIS = YES;
				CLANG_WARN_STRICT_PROTOTYPES = YES;
				CLANG_WARN_SUSPICIOUS_MOVE = YES;
				CLANG_WARN_UNGUARDED_AVAILABILITY = YES_AGGRESSIVE;
				CLANG_WARN_UNREACHABLE_CODE = YES;
				CLANG_WARN__DUPLICATE_METHOD_MATCH = YES;
				COPY_PHASE_STRIP = NO;
				DEBUG_INFORMATION_FORMAT = "dwarf-with-dsym";
				ENABLE_NS_ASSERTIONS = NO;
				ENABLE_STRICT_OBJC_MSGSEND = YES;
				GCC_C_LANGUAGE_STANDARD = gnu11;
				GCC_NO_COMMON_BLOCKS = YES;
				GCC_WARN_64_TO_32_BIT_CONVERSION = YES;
				GCC_WARN_ABOUT_RETURN_TYPE = YES_ERROR;
				GCC_WARN_UNDECLARED_SELECTOR = YES;
				GCC_WARN_UNINITIALIZED_AUTOS = YES_AGGRESSIVE;
				GCC_WARN_UNUSED_FUNCTION = YES;
				GCC_WARN_UNUSED_VARIABLE = YES;
				IPHONEOS_DEPLOYMENT_TARGET = 13.2;
				MTL_ENABLE_DEBUG_INFO = NO;
				MTL_FAST_MATH = YES;
				SDKROOT = iphoneos;
				SWIFT_COMPILATION_MODE = wholemodule;
				SWIFT_OPTIMIZATION_LEVEL = "-O";
				VALIDATE_PRODUCT = YES;
			};
			name = Release;
		};
		C347BE98241263D600E6CDA8 /* Debug */ = {
			isa = XCBuildConfiguration;
			buildSettings = {
				ASSETCATALOG_COMPILER_APPICON_NAME = AppIcon;
				CODE_SIGN_STYLE = Automatic;
				DEVELOPMENT_TEAM = 7Y899647SW;
				INFOPLIST_FILE = ScanDemo/Info.plist;
				LD_RUNPATH_SEARCH_PATHS = (
					"$(inherited)",
					"@executable_path/Frameworks",
				);
				PRODUCT_BUNDLE_IDENTIFIER = com.zengchaofring.ScanDemo;
				PRODUCT_NAME = "$(TARGET_NAME)";
				SWIFT_VERSION = 5.0;
				TARGETED_DEVICE_FAMILY = "1,2";
			};
			name = Debug;
		};
		C347BE99241263D600E6CDA8 /* Release */ = {
			isa = XCBuildConfiguration;
			buildSettings = {
				ASSETCATALOG_COMPILER_APPICON_NAME = AppIcon;
				CODE_SIGN_STYLE = Automatic;
				DEVELOPMENT_TEAM = 7Y899647SW;
				INFOPLIST_FILE = ScanDemo/Info.plist;
				LD_RUNPATH_SEARCH_PATHS = (
					"$(inherited)",
					"@executable_path/Frameworks",
				);
				PRODUCT_BUNDLE_IDENTIFIER = com.zengchaofring.ScanDemo;
				PRODUCT_NAME = "$(TARGET_NAME)";
				SWIFT_VERSION = 5.0;
				TARGETED_DEVICE_FAMILY = "1,2";
			};
			name = Release;
		};
/* End XCBuildConfiguration section */

/* Begin XCConfigurationList section */
		C347BE7B241263D400E6CDA8 /* Build configuration list for PBXProject "ScanDemo" */ = {
			isa = XCConfigurationList;
			buildConfigurations = (
				C347BE95241263D600E6CDA8 /* Debug */,
				C347BE96241263D600E6CDA8 /* Release */,
			);
			defaultConfigurationIsVisible = 0;
			defaultConfigurationName = Release;
		};
		C347BE97241263D600E6CDA8 /* Build configuration list for PBXNativeTarget "ScanDemo" */ = {
			isa = XCConfigurationList;
			buildConfigurations = (
				C347BE98241263D600E6CDA8 /* Debug */,
				C347BE99241263D600E6CDA8 /* Release */,
			);
			defaultConfigurationIsVisible = 0;
			defaultConfigurationName = Release;
		};
/* End XCConfigurationList section */

/* Begin XCVersionGroup section */
		C347BE8C241263D400E6CDA8 /* ScanDemo.xcdatamodeld */ = {
			isa = XCVersionGroup;
			children = (
				C347BE8D241263D400E6CDA8 /* ScanDemo.xcdatamodel */,
			);
			currentVersion = C347BE8D241263D400E6CDA8 /* ScanDemo.xcdatamodel */;
			path = ScanDemo.xcdatamodeld;
			sourceTree = "<group>";
			versionGroupType = wrapper.xcdatamodel;
		};
/* End XCVersionGroup section */
	};
	rootObject = C347BE78241263D400E6CDA8 /* Project object */;
}
